// !$*UTF8*$!
{
	archiveVersion = 1;
	classes = {
	};
	objectVersion = 55;
	objects = {

/* Begin PBXBuildFile section */
		4ABCB78AF43A0110BE20CFE1 /* Pods_Foodstagram.framework in Frameworks */ = {isa = PBXBuildFile; fileRef = 54EFF579454EABA4D5CCB187 /* Pods_Foodstagram.framework */; };
		BF24D296280A65150022114D /* AppDelegate.swift in Sources */ = {isa = PBXBuildFile; fileRef = BF24D295280A65150022114D /* AppDelegate.swift */; };
		BF24D298280A65150022114D /* SceneDelegate.swift in Sources */ = {isa = PBXBuildFile; fileRef = BF24D297280A65150022114D /* SceneDelegate.swift */; };
		BF24D29A280A65150022114D /* ViewController.swift in Sources */ = {isa = PBXBuildFile; fileRef = BF24D299280A65150022114D /* ViewController.swift */; };
		BF24D29D280A65150022114D /* Main.storyboard in Resources */ = {isa = PBXBuildFile; fileRef = BF24D29B280A65150022114D /* Main.storyboard */; };
		BF24D29F280A65170022114D /* Assets.xcassets in Resources */ = {isa = PBXBuildFile; fileRef = BF24D29E280A65170022114D /* Assets.xcassets */; };
		BF24D2A2280A65170022114D /* LaunchScreen.storyboard in Resources */ = {isa = PBXBuildFile; fileRef = BF24D2A0280A65170022114D /* LaunchScreen.storyboard */; };
		BF24D2AA280A65B20022114D /* CameraViewController.swift in Sources */ = {isa = PBXBuildFile; fileRef = BF24D2A9280A65B20022114D /* CameraViewController.swift */; };
/* End PBXBuildFile section */

/* Begin PBXFileReference section */
		3B7AF3E0A8086FB494DAD66E /* Pods-Foodstagram.debug.xcconfig */ = {isa = PBXFileReference; includeInIndex = 1; lastKnownFileType = text.xcconfig; name = "Pods-Foodstagram.debug.xcconfig"; path = "Target Support Files/Pods-Foodstagram/Pods-Foodstagram.debug.xcconfig"; sourceTree = "<group>"; };
		54EFF579454EABA4D5CCB187 /* Pods_Foodstagram.framework */ = {isa = PBXFileReference; explicitFileType = wrapper.framework; includeInIndex = 0; path = Pods_Foodstagram.framework; sourceTree = BUILT_PRODUCTS_DIR; };
		8A43DE1FBE494AAB61BF5838 /* Pods-Foodstagram.release.xcconfig */ = {isa = PBXFileReference; includeInIndex = 1; lastKnownFileType = text.xcconfig; name = "Pods-Foodstagram.release.xcconfig"; path = "Target Support Files/Pods-Foodstagram/Pods-Foodstagram.release.xcconfig"; sourceTree = "<group>"; };
		BF24D292280A65150022114D /* Foodstagram.app */ = {isa = PBXFileReference; explicitFileType = wrapper.application; includeInIndex = 0; path = Foodstagram.app; sourceTree = BUILT_PRODUCTS_DIR; };
		BF24D295280A65150022114D /* AppDelegate.swift */ = {isa = PBXFileReference; lastKnownFileType = sourcecode.swift; path = AppDelegate.swift; sourceTree = "<group>"; };
		BF24D297280A65150022114D /* SceneDelegate.swift */ = {isa = PBXFileReference; lastKnownFileType = sourcecode.swift; path = SceneDelegate.swift; sourceTree = "<group>"; };
		BF24D299280A65150022114D /* ViewController.swift */ = {isa = PBXFileReference; lastKnownFileType = sourcecode.swift; path = ViewController.swift; sourceTree = "<group>"; };
		BF24D29C280A65150022114D /* Base */ = {isa = PBXFileReference; lastKnownFileType = file.storyboard; name = Base; path = Base.lproj/Main.storyboard; sourceTree = "<group>"; };
		BF24D29E280A65170022114D /* Assets.xcassets */ = {isa = PBXFileReference; lastKnownFileType = folder.assetcatalog; path = Assets.xcassets; sourceTree = "<group>"; };
		BF24D2A1280A65170022114D /* Base */ = {isa = PBXFileReference; lastKnownFileType = file.storyboard; name = Base; path = Base.lproj/LaunchScreen.storyboard; sourceTree = "<group>"; };
		BF24D2A3280A65170022114D /* Info.plist */ = {isa = PBXFileReference; lastKnownFileType = text.plist.xml; path = Info.plist; sourceTree = "<group>"; };
		BF24D2A9280A65B20022114D /* CameraViewController.swift */ = {isa = PBXFileReference; lastKnownFileType = sourcecode.swift; path = CameraViewController.swift; sourceTree = "<group>"; };
/* End PBXFileReference section */

/* Begin PBXFrameworksBuildPhase section */
		BF24D28F280A65150022114D /* Frameworks */ = {
			isa = PBXFrameworksBuildPhase;
			buildActionMask = 2147483647;
			files = (
				4ABCB78AF43A0110BE20CFE1 /* Pods_Foodstagram.framework in Frameworks */,
			);
			runOnlyForDeploymentPostprocessing = 0;
		};
/* End PBXFrameworksBuildPhase section */

/* Begin PBXGroup section */
		4D23CD3D69624C0C5AAB13E7 /* Frameworks */ = {
			isa = PBXGroup;
			children = (
				54EFF579454EABA4D5CCB187 /* Pods_Foodstagram.framework */,
			);
			name = Frameworks;
			sourceTree = "<group>";
		};
		6E397094D49FAC10EAE8A099 /* Pods */ = {
			isa = PBXGroup;
			children = (
				3B7AF3E0A8086FB494DAD66E /* Pods-Foodstagram.debug.xcconfig */,
				8A43DE1FBE494AAB61BF5838 /* Pods-Foodstagram.release.xcconfig */,
			);
			name = Pods;
			path = Pods;
			sourceTree = "<group>";
		};
		BF24D289280A65150022114D = {
			isa = PBXGroup;
			children = (
				BF24D294280A65150022114D /* Foodstagram */,
				BF24D293280A65150022114D /* Products */,
				6E397094D49FAC10EAE8A099 /* Pods */,
				4D23CD3D69624C0C5AAB13E7 /* Frameworks */,
			);
			sourceTree = "<group>";
		};
		BF24D293280A65150022114D /* Products */ = {
			isa = PBXGroup;
			children = (
				BF24D292280A65150022114D /* Foodstagram.app */,
			);
			name = Products;
			sourceTree = "<group>";
		};
		BF24D294280A65150022114D /* Foodstagram */ = {
			isa = PBXGroup;
			children = (
				BF24D295280A65150022114D /* AppDelegate.swift */,
				BF24D297280A65150022114D /* SceneDelegate.swift */,
				BF24D299280A65150022114D /* ViewController.swift */,
				BF24D2A9280A65B20022114D /* CameraViewController.swift */,
				BF24D29B280A65150022114D /* Main.storyboard */,
				BF24D29E280A65170022114D /* Assets.xcassets */,
				BF24D2A0280A65170022114D /* LaunchScreen.storyboard */,
				BF24D2A3280A65170022114D /* Info.plist */,
			);
			path = Foodstagram;
			sourceTree = "<group>";
		};
/* End PBXGroup section */

/* Begin PBXNativeTarget section */
		BF24D291280A65150022114D /* Foodstagram */ = {
			isa = PBXNativeTarget;
			buildConfigurationList = BF24D2A6280A65170022114D /* Build configuration list for PBXNativeTarget "Foodstagram" */;
			buildPhases = (
				2B595C42D9473EA62E53E2C5 /* [CP] Check Pods Manifest.lock */,
				BF24D28E280A65150022114D /* Sources */,
				BF24D28F280A65150022114D /* Frameworks */,
				BF24D290280A65150022114D /* Resources */,
				AAAB0F46543D33C521ED1093 /* [CP] Embed Pods Frameworks */,
			);
			buildRules = (
			);
			dependencies = (
			);
			name = Foodstagram;
			productName = Foodstagram;
			productReference = BF24D292280A65150022114D /* Foodstagram.app */;
			productType = "com.apple.product-type.application";
		};
/* End PBXNativeTarget section */

/* Begin PBXProject section */
		BF24D28A280A65150022114D /* Project object */ = {
			isa = PBXProject;
			attributes = {
				BuildIndependentTargetsInParallel = 1;
				LastSwiftUpdateCheck = 1310;
				LastUpgradeCheck = 1310;
				TargetAttributes = {
					BF24D291280A65150022114D = {
						CreatedOnToolsVersion = 13.1;
					};
				};
			};
			buildConfigurationList = BF24D28D280A65150022114D /* Build configuration list for PBXProject "Foodstagram" */;
			compatibilityVersion = "Xcode 13.0";
			developmentRegion = en;
			hasScannedForEncodings = 0;
			knownRegions = (
				en,
				Base,
			);
			mainGroup = BF24D289280A65150022114D;
			productRefGroup = BF24D293280A65150022114D /* Products */;
			projectDirPath = "";
			projectRoot = "";
			targets = (
				BF24D291280A65150022114D /* Foodstagram */,
			);
		};
/* End PBXProject section */

/* Begin PBXResourcesBuildPhase section */
		BF24D290280A65150022114D /* Resources */ = {
			isa = PBXResourcesBuildPhase;
			buildActionMask = 2147483647;
			files = (
				BF24D2A2280A65170022114D /* LaunchScreen.storyboard in Resources */,
				BF24D29F280A65170022114D /* Assets.xcassets in Resources */,
				BF24D29D280A65150022114D /* Main.storyboard in Resources */,
			);
			runOnlyForDeploymentPostprocessing = 0;
		};
/* End PBXResourcesBuildPhase section */

/* Begin PBXShellScriptBuildPhase section */
		2B595C42D9473EA62E53E2C5 /* [CP] Check Pods Manifest.lock */ = {
			isa = PBXShellScriptBuildPhase;
			buildActionMask = 2147483647;
			files = (
			);
			inputFileListPaths = (
			);
			inputPaths = (
				"${PODS_PODFILE_DIR_PATH}/Podfile.lock",
				"${PODS_ROOT}/Manifest.lock",
			);
			name = "[CP] Check Pods Manifest.lock";
			outputFileListPaths = (
			);
			outputPaths = (
				"$(DERIVED_FILE_DIR)/Pods-Foodstagram-checkManifestLockResult.txt",
			);
			runOnlyForDeploymentPostprocessing = 0;
			shellPath = /bin/sh;
			shellScript = "diff \"${PODS_PODFILE_DIR_PATH}/Podfile.lock\" \"${PODS_ROOT}/Manifest.lock\" > /dev/null\nif [ $? != 0 ] ; then\n    # print error to STDERR\n    echo \"error: The sandbox is not in sync with the Podfile.lock. Run 'pod install' or update your CocoaPods installation.\" >&2\n    exit 1\nfi\n# This output is used by Xcode 'outputs' to avoid re-running this script phase.\necho \"SUCCESS\" > \"${SCRIPT_OUTPUT_FILE_0}\"\n";
			showEnvVarsInLog = 0;
		};
		AAAB0F46543D33C521ED1093 /* [CP] Embed Pods Frameworks */ = {
			isa = PBXShellScriptBuildPhase;
			buildActionMask = 2147483647;
			files = (
			);
			inputFileListPaths = (
				"${PODS_ROOT}/Target Support Files/Pods-Foodstagram/Pods-Foodstagram-frameworks-${CONFIGURATION}-input-files.xcfilelist",
			);
			name = "[CP] Embed Pods Frameworks";
			outputFileListPaths = (
				"${PODS_ROOT}/Target Support Files/Pods-Foodstagram/Pods-Foodstagram-frameworks-${CONFIGURATION}-output-files.xcfilelist",
			);
			runOnlyForDeploymentPostprocessing = 0;
			shellPath = /bin/sh;
			shellScript = "\"${PODS_ROOT}/Target Support Files/Pods-Foodstagram/Pods-Foodstagram-frameworks.sh\"\n";
			showEnvVarsInLog = 0;
		};
/* End PBXShellScriptBuildPhase section */

/* Begin PBXSourcesBuildPhase section */
		BF24D28E280A65150022114D /* Sources */ = {
			isa = PBXSourcesBuildPhase;
			buildActionMask = 2147483647;
			files = (
				BF24D29A280A65150022114D /* ViewController.swift in Sources */,
				BF24D2AA280A65B20022114D /* CameraViewController.swift in Sources */,
				BF24D296280A65150022114D /* AppDelegate.swift in Sources */,
				BF24D298280A65150022114D /* SceneDelegate.swift in Sources */,
			);
			runOnlyForDeploymentPostprocessing = 0;
		};
/* End PBXSourcesBuildPhase section */

/* Begin PBXVariantGroup section */
		BF24D29B280A65150022114D /* Main.storyboard */ = {
			isa = PBXVariantGroup;
			children = (
				BF24D29C280A65150022114D /* Base */,
			);
			name = Main.storyboard;
			sourceTree = "<group>";
		};
		BF24D2A0280A65170022114D /* LaunchScreen.storyboard */ = {
			isa = PBXVariantGroup;
			children = (
				BF24D2A1280A65170022114D /* Base */,
			);
			name = LaunchScreen.storyboard;
			sourceTree = "<group>";
		};
/* End PBXVariantGroup section */

/* Begin XCBuildConfiguration section */
		BF24D2A4280A65170022114D /* Debug */ = {
			isa = XCBuildConfiguration;
			buildSettings = {
				ALWAYS_SEARCH_USER_PATHS = NO;
				CLANG_ANALYZER_NONNULL = YES;
				CLANG_ANALYZER_NUMBER_OBJECT_CONVERSION = YES_AGGRESSIVE;
				CLANG_CXX_LANGUAGE_STANDARD = "gnu++17";
				CLANG_CXX_LIBRARY = "libc++";
				CLANG_ENABLE_MODULES = YES;
				CLANG_ENABLE_OBJC_ARC = YES;
				CLANG_ENABLE_OBJC_WEAK = YES;
				CLANG_WARN_BLOCK_CAPTURE_AUTORELEASING = YES;
				CLANG_WARN_BOOL_CONVERSION = YES;
				CLANG_WARN_COMMA = YES;
				CLANG_WARN_CONSTANT_CONVERSION = YES;
				CLANG_WARN_DEPRECATED_OBJC_IMPLEMENTATIONS = YES;
				CLANG_WARN_DIRECT_OBJC_ISA_USAGE = YES_ERROR;
				CLANG_WARN_DOCUMENTATION_COMMENTS = YES;
				CLANG_WARN_EMPTY_BODY = YES;
				CLANG_WARN_ENUM_CONVERSION = YES;
				CLANG_WARN_INFINITE_RECURSION = YES;
				CLANG_WARN_INT_CONVERSION = YES;
				CLANG_WARN_NON_LITERAL_NULL_CONVERSION = YES;
				CLANG_WARN_OBJC_IMPLICIT_RETAIN_SELF = YES;
				CLANG_WARN_OBJC_LITERAL_CONVERSION = YES;
				CLANG_WARN_OBJC_ROOT_CLASS = YES_ERROR;
				CLANG_WARN_QUOTED_INCLUDE_IN_FRAMEWORK_HEADER = YES;
				CLANG_WARN_RANGE_LOOP_ANALYSIS = YES;
				CLANG_WARN_STRICT_PROTOTYPES = YES;
				CLANG_WARN_SUSPICIOUS_MOVE = YES;
				CLANG_WARN_UNGUARDED_AVAILABILITY = YES_AGGRESSIVE;
				CLANG_WARN_UNREACHABLE_CODE = YES;
				CLANG_WARN__DUPLICATE_METHOD_MATCH = YES;
				COPY_PHASE_STRIP = NO;
				DEBUG_INFORMATION_FORMAT = dwarf;
				ENABLE_STRICT_OBJC_MSGSEND = YES;
				ENABLE_TESTABILITY = YES;
				GCC_C_LANGUAGE_STANDARD = gnu11;
				GCC_DYNAMIC_NO_PIC = NO;
				GCC_NO_COMMON_BLOCKS = YES;
				GCC_OPTIMIZATION_LEVEL = 0;
				GCC_PREPROCESSOR_DEFINITIONS = (
					"DEBUG=1",
					"$(inherited)",
				);
				GCC_WARN_64_TO_32_BIT_CONVERSION = YES;
				GCC_WARN_ABOUT_RETURN_TYPE = YES_ERROR;
				GCC_WARN_UNDECLARED_SELECTOR = YES;
				GCC_WARN_UNINITIALIZED_AUTOS = YES_AGGRESSIVE;
				GCC_WARN_UNUSED_FUNCTION = YES;
				GCC_WARN_UNUSED_VARIABLE = YES;
				IPHONEOS_DEPLOYMENT_TARGET = 15.0;
				MTL_ENABLE_DEBUG_INFO = INCLUDE_SOURCE;
				MTL_FAST_MATH = YES;
				ONLY_ACTIVE_ARCH = YES;
				SDKROOT = iphoneos;
				SWIFT_ACTIVE_COMPILATION_CONDITIONS = DEBUG;
				SWIFT_OPTIMIZATION_LEVEL = "-Onone";
			};
			name = Debug;
		};
		BF24D2A5280A65170022114D /* Release */ = {
			isa = XCBuildConfiguration;
			buildSettings = {
				ALWAYS_SEARCH_USER_PATHS = NO;
				CLANG_ANALYZER_NONNULL = YES;
				CLANG_ANALYZER_NUMBER_OBJECT_CONVERSION = YES_AGGRESSIVE;
				CLANG_CXX_LANGUAGE_STANDARD = "gnu++17";
				CLANG_CXX_LIBRARY = "libc++";
				CLANG_ENABLE_MODULES = YES;
				CLANG_ENABLE_OBJC_ARC = YES;
				CLANG_ENABLE_OBJC_WEAK = YES;
				CLANG_WARN_BLOCK_CAPTURE_AUTORELEASING = YES;
				CLANG_WARN_BOOL_CONVERSION = YES;
				CLANG_WARN_COMMA = YES;
				CLANG_WARN_CONSTANT_CONVERSION = YES;
				CLANG_WARN_DEPRECATED_OBJC_IMPLEMENTATIONS = YES;
				CLANG_WARN_DIRECT_OBJC_ISA_USAGE = YES_ERROR;
				CLANG_WARN_DOCUMENTATION_COMMENTS = YES;
				CLANG_WARN_EMPTY_BODY = YES;
				CLANG_WARN_ENUM_CONVERSION = YES;
				CLANG_WARN_INFINITE_RECURSION = YES;
				CLANG_WARN_INT_CONVERSION = YES;
				CLANG_WARN_NON_LITERAL_NULL_CONVERSION = YES;
				CLANG_WARN_OBJC_IMPLICIT_RETAIN_SELF = YES;
				CLANG_WARN_OBJC_LITERAL_CONVERSION = YES;
				CLANG_WARN_OBJC_ROOT_CLASS = YES_ERROR;
				CLANG_WARN_QUOTED_INCLUDE_IN_FRAMEWORK_HEADER = YES;
				CLANG_WARN_RANGE_LOOP_ANALYSIS = YES;
				CLANG_WARN_STRICT_PROTOTYPES = YES;
				CLANG_WARN_SUSPICIOUS_MOVE = YES;
				CLANG_WARN_UNGUARDED_AVAILABILITY = YES_AGGRESSIVE;
				CLANG_WARN_UNREACHABLE_CODE = YES;
				CLANG_WARN__DUPLICATE_METHOD_MATCH = YES;
				COPY_PHASE_STRIP = NO;
				DEBUG_INFORMATION_FORMAT = "dwarf-with-dsym";
				ENABLE_NS_ASSERTIONS = NO;
				ENABLE_STRICT_OBJC_MSGSEND = YES;
				GCC_C_LANGUAGE_STANDARD = gnu11;
				GCC_NO_COMMON_BLOCKS = YES;
				GCC_WARN_64_TO_32_BIT_CONVERSION = YES;
				GCC_WARN_ABOUT_RETURN_TYPE = YES_ERROR;
				GCC_WARN_UNDECLARED_SELECTOR = YES;
				GCC_WARN_UNINITIALIZED_AUTOS = YES_AGGRESSIVE;
				GCC_WARN_UNUSED_FUNCTION = YES;
				GCC_WARN_UNUSED_VARIABLE = YES;
				IPHONEOS_DEPLOYMENT_TARGET = 15.0;
				MTL_ENABLE_DEBUG_INFO = NO;
				MTL_FAST_MATH = YES;
				SDKROOT = iphoneos;
				SWIFT_COMPILATION_MODE = wholemodule;
				SWIFT_OPTIMIZATION_LEVEL = "-O";
				VALIDATE_PRODUCT = YES;
			};
			name = Release;
		};
		BF24D2A7280A65170022114D /* Debug */ = {
			isa = XCBuildConfiguration;
			baseConfigurationReference = 3B7AF3E0A8086FB494DAD66E /* Pods-Foodstagram.debug.xcconfig */;
			buildSettings = {
				ASSETCATALOG_COMPILER_APPICON_NAME = AppIcon;
				ASSETCATALOG_COMPILER_GLOBAL_ACCENT_COLOR_NAME = AccentColor;
				CODE_SIGN_STYLE = Automatic;
				CURRENT_PROJECT_VERSION = 1;
				DEVELOPMENT_TEAM = CC29FAZZGY;
				GENERATE_INFOPLIST_FILE = YES;
				INFOPLIST_FILE = Foodstagram/Info.plist;
				INFOPLIST_KEY_UIApplicationSupportsIndirectInputEvents = YES;
				INFOPLIST_KEY_UILaunchStoryboardName = LaunchScreen;
				INFOPLIST_KEY_UIMainStoryboardFile = Main;
				INFOPLIST_KEY_UISupportedInterfaceOrientations_iPad = "UIInterfaceOrientationPortrait UIInterfaceOrientationPortraitUpsideDown UIInterfaceOrientationLandscapeLeft UIInterfaceOrientationLandscapeRight";
				INFOPLIST_KEY_UISupportedInterfaceOrientations_iPhone = "UIInterfaceOrientationPortrait UIInterfaceOrientationLandscapeLeft UIInterfaceOrientationLandscapeRight";
				LD_RUNPATH_SEARCH_PATHS = (
					"$(inherited)",
					"@executable_path/Frameworks",
				);
				MARKETING_VERSION = 1.0;
				PRODUCT_BUNDLE_IDENTIFIER = com.lindang.Foodstagram;
				PRODUCT_NAME = "$(TARGET_NAME)";
				SWIFT_EMIT_LOC_STRINGS = YES;
				SWIFT_VERSION = 5.0;
				TARGETED_DEVICE_FAMILY = "1,2";
			};
			name = Debug;
		};
		BF24D2A8280A65170022114D /* Release */ = {
			isa = XCBuildConfiguration;
			baseConfigurationReference = 8A43DE1FBE494AAB61BF5838 /* Pods-Foodstagram.release.xcconfig */;
			buildSettings = {
				ASSETCATALOG_COMPILER_APPICON_NAME = AppIcon;
				ASSETCATALOG_COMPILER_GLOBAL_ACCENT_COLOR_NAME = AccentColor;
				CODE_SIGN_STYLE = Automatic;
				CURRENT_PROJECT_VERSION = 1;
				DEVELOPMENT_TEAM = CC29FAZZGY;
				GENERATE_INFOPLIST_FILE = YES;
				INFOPLIST_FILE = Foodstagram/Info.plist;
				INFOPLIST_KEY_UIApplicationSupportsIndirectInputEvents = YES;
				INFOPLIST_KEY_UILaunchStoryboardName = LaunchScreen;
				INFOPLIST_KEY_UIMainStoryboardFile = Main;
				INFOPLIST_KEY_UISupportedInterfaceOrientations_iPad = "UIInterfaceOrientationPortrait UIInterfaceOrientationPortraitUpsideDown UIInterfaceOrientationLandscapeLeft UIInterfaceOrientationLandscapeRight";
				INFOPLIST_KEY_UISupportedInterfaceOrientations_iPhone = "UIInterfaceOrientationPortrait UIInterfaceOrientationLandscapeLeft UIInterfaceOrientationLandscapeRight";
				LD_RUNPATH_SEARCH_PATHS = (
					"$(inherited)",
					"@executable_path/Frameworks",
				);
				MARKETING_VERSION = 1.0;
				PRODUCT_BUNDLE_IDENTIFIER = com.lindang.Foodstagram;
				PRODUCT_NAME = "$(TARGET_NAME)";
				SWIFT_EMIT_LOC_STRINGS = YES;
				SWIFT_VERSION = 5.0;
				TARGETED_DEVICE_FAMILY = "1,2";
			};
			name = Release;
		};
/* End XCBuildConfiguration section */

/* Begin XCConfigurationList section */
		BF24D28D280A65150022114D /* Build configuration list for PBXProject "Foodstagram" */ = {
			isa = XCConfigurationList;
			buildConfigurations = (
				BF24D2A4280A65170022114D /* Debug */,
				BF24D2A5280A65170022114D /* Release */,
			);
			defaultConfigurationIsVisible = 0;
			defaultConfigurationName = Release;
		};
		BF24D2A6280A65170022114D /* Build configuration list for PBXNativeTarget "Foodstagram" */ = {
			isa = XCConfigurationList;
			buildConfigurations = (
				BF24D2A7280A65170022114D /* Debug */,
				BF24D2A8280A65170022114D /* Release */,
			);
			defaultConfigurationIsVisible = 0;
			defaultConfigurationName = Release;
		};
/* End XCConfigurationList section */
	};
	rootObject = BF24D28A280A65150022114D /* Project object */;
}
